
Microsoft Visual Studio Solution File, Format Version 12.00
# Visual Studio Version 17
VisualStudioVersion = 17.11.35327.3
MinimumVisualStudioVersion = 10.0.40219.1
Project("{FAE04EC0-301F-11D3-BF4B-00C04F79EFBC}") = "ConsoleApp26.2", "ConsoleApp26.2.csproj", "{F3690323-06F4-48E1-A1A6-D4A81DBD43A6}"
EndProject
Global
	GlobalSection(SolutionConfigurationPlatforms) = preSolution
		Debug|Any CPU = Debug|Any CPU
		Release|Any CPU = Release|Any CPU
	EndGlobalSection
	GlobalSection(ProjectConfigurationPlatforms) = postSolution
		{F3690323-06F4-48E1-A1A6-D4A81DBD43A6}.Debug|Any CPU.ActiveCfg = Debug|Any CPU
		{F3690323-06F4-48E1-A1A6-D4A81DBD43A6}.Debug|Any CPU.Build.0 = Debug|Any CPU
		{F3690323-06F4-48E1-A1A6-D4A81DBD43A6}.Release|Any CPU.ActiveCfg = Release|Any CPU
		{F3690323-06F4-48E1-A1A6-D4A81DBD43A6}.Release|Any CPU.Build.0 = Release|Any CPU
	EndGlobalSection
	GlobalSection(SolutionProperties) = preSolution
		HideSolutionNode = FALSE
	EndGlobalSection
	GlobalSection(ExtensibilityGlobals) = postSolution
		SolutionGuid = {F401DF2E-35F2-40C4-B6CC-C4E4036E98DF}
	EndGlobalSection
EndGlobal
